git.sr.ht/~jackmordaunt/go-toast/v2 v2.0.3 h1:N3IGoHHp9pb6mj1cbXbuaSXV/UMKwmbKLf53nQmtqMA=
git.sr.ht/~jackmordaunt/go-toast/v2 v2.0.3/go.mod h1:QtOLZGz8olr4qH2vWK0QH0w0O4T9fEIjMuWpKUsH7nc=
github.com/ebitengine/purego v0.10.0 h1:QIw4xfpWT6GWTzaW5XEKy3HXoqrJGx1ijYHzTF0/ISU=
github.com/ebitengine/purego v0.10.0/go.mod h1:iIjxzd6CiRiOG0UyXP+V1+jWqUXVjPKLAI0mRfJZTmQ=
github.com/energye/cef v1.0.3 h1:vk6auu6A3WiZ/Rw3TXwRPJ5t7vioGhOXwNa6M6fUDCw=
github.com/energye/cef v1.0.3/go.mod h1:kJvlRZ0Y6wwZt42xP7ih/VRRxSIamQnL3DOGBtn1J84=
github.com/energye/lcl v1.0.4 h1:X59Y2MkF0Ie+hQwfV/oRkc1cVbIZb0r39MRTPvNnH1E=
github.com/energye/lcl v1.0.4/go.mod h1:k9apUIp1r1FMg1e+S3psbS4rQigEiyOmqxMsIOOz+Rs=
github.com/energye/wv v1.0.5 h1:VAs8lo/8ZuWr7k8U0ZsMFB6zzPHvTLfyTdxxpSv6W+g=
github.com/energye/wv v1.0.5/go.mod h1:V2mdQqPSpPj2FcoTl/B6EmDnSO8zARzCF7tEo6Si/Xw=
github.com/go-ole/go-ole v1.3.0 h1:Dt6ye7+vXGIKZ7Xtk4s6/xVdGDQynvom7xCFEdWr6uE=
github.com/go-ole/go-ole v1.3.0/go.mod h1:5LS6F96DhAwUc7C+1HLexzMXY1xGRSryjyPPKW6zv78=
github.com/godbus/dbus/v5 v5.2.2 h1:TUR3TgtSVDmjiXOgAAyaZbYmIeP3DPkld3jgKGV8mXQ=
github.com/godbus/dbus/v5 v5.2.2/go.mod h1:3AAv2+hPq5rdnr5txxxRwiGjPXamgoIHgz9FPBfOp3c=
github.com/google/uuid v1.6.0 h1:NIvaJDMOsjHA8n1jAhLSgzrAzy1Hgr+hNrb57e+94F0=
github.com/google/uuid v1.6.0/go.mod h1:TIyPZe4MgqvfeYDBFedMoGGpEw/LqOeaOT+nhxU+yHo=
golang.org/x/sys v0.1.0/go.mod h1:oPkhp1MJrh7nUepCBck5+mAzfO9JrbApNNgaTdGDITg=
golang.org/x/sys v0.30.0 h1:QjkSwP/36a20jFYWkSue1YwXzLmsV5Gfq7Eiy72C1uc=
golang.org/x/sys v0.30.0/go.mod h1:/VUhepiaJMQUp4+oa/7Zr1D23ma6VTLIYjOOTFZPUcA=
